version = 1
revision = 3
requires-python = ">=3.13"

[manifest]
members = [
    "client",
    "common",
    "secure-group-chat",
    "server",
]

[[package]]
name = "aioconsole"
version = "0.8.2"
source = { registry = "https://pypi.org/simple" }
sdist = { url = "https://files.pythonhosted.org/packages/76/4a/71f535c85991e18e1626429a283d4fc6720053f38211affa888809089ded/aioconsole-0.8.2.tar.gz", hash = "sha256:25cb5530f58f7ab431e9af84fbb5417178287b6c3300d5b1185e3b129a227cef", size = 37712, upload-time = "2025-10-14T05:44:33.245Z" }
wheels = [
    { url = "https://files.pythonhosted.org/packages/03/10/04ef3313a07e9152a84ce197aa11586376478c167322141e9c79eaedc25b/aioconsole-0.8.2-py3-none-any.whl", hash = "sha256:00f3fabd6de5df2fad635e1e6a13ebe5bb2456b83b31e881ae41bc5862fd6a68", size = 31510, upload-time = "2025-10-14T05:44:32.161Z" },
]

[[package]]
name = "client"
version = "2025.0.1"
source = { editable = "Client" }
dependencies = [
    { name = "aioconsole" },
    { name = "common" },
]

[package.metadata]
requires-dist = [
    { name = "aioconsole", specifier = ">=0.8.2" },
    { name = "common", editable = "Common" },
]

[[package]]
name = "common"
version = "2025.0.1"
source = { editable = "Common" }

[[package]]
name = "secure-group-chat"
version = "0.1.0"
source = { virtual = "." }

[[package]]
name = "server"
version = "2025.0.1"
source = { editable = "Server" }
dependencies = [
    { name = "common" },
]

[package.metadata]
requires-dist = [{ name = "common", editable = "Common" }]
