version = 1
revision = 3
requires-python = ">=3.13"

[manifest]
members = [
    "client",
    "secure-group-chat",
    "server",
]

[[package]]
name = "client"
version = "2025.0.1"
source = { editable = "Client" }

[[package]]
name = "secure-group-chat"
version = "0.1.0"
source = { virtual = "." }

[[package]]
name = "server"
version = "2025.0.1"
source = { editable = "Server" }
